<?xml version="1.0" encoding="utf-8"?>
<Project xmlns="http://schemas.microsoft.com/developer/msbuild/2003">
  <ItemGroup>
    <Filter Include="Form Files">
      <UniqueIdentifier>{99349809-55BA-4b9d-BF79-8FDBB0286EB3}</UniqueIdentifier>
      <Extensions>ui</Extensions>
      <ParseFiles>false</ParseFiles>
    </Filter>
    <Filter Include="Form Files">
      <UniqueIdentifier>{99349809-55BA-4b9d-BF79-8FDBB0286EB3}</UniqueIdentifier>
      <Extensions>ui</Extensions>
      <ParseFiles>false</ParseFiles>
    </Filter>
    <Filter Include="Generated Files">
      <UniqueIdentifier>{71ED8ED8-ACB9-4CE9-BBE1-E00B30144E11}</UniqueIdentifier>
      <Extensions>cpp;c;cxx;moc;h;def;odl;idl;res;</Extensions>
    </Filter>
    <Filter Include="Generated Files">
      <UniqueIdentifier>{71ED8ED8-ACB9-4CE9-BBE1-E00B30144E11}</UniqueIdentifier>
      <Extensions>cpp;c;cxx;moc;h;def;odl;idl;res;</Extensions>
    </Filter>
    <Filter Include="Header Files">
      <UniqueIdentifier>{93995380-89BD-4b04-88EB-625FBE52EBFB}</UniqueIdentifier>
      <Extensions>h;hpp;hxx;hm;inl;inc;xsd</Extensions>
    </Filter>
    <Filter Include="Header Files">
      <UniqueIdentifier>{93995380-89BD-4b04-88EB-625FBE52EBFB}</UniqueIdentifier>
      <Extensions>h;hpp;hxx;hm;inl;inc;xsd</Extensions>
    </Filter>
    <Filter Include="Source Files">
      <UniqueIdentifier>{4FC737F1-C7A5-4376-A066-2A32D752A2FF}</UniqueIdentifier>
      <Extensions>cpp;c;cxx;def;odl;idl;hpj;bat;asm;asmx</Extensions>
    </Filter>
    <Filter Include="Source Files">
      <UniqueIdentifier>{4FC737F1-C7A5-4376-A066-2A32D752A2FF}</UniqueIdentifier>
      <Extensions>cpp;c;cxx;def;odl;idl;hpj;bat;asm;asmx</Extensions>
    </Filter>
  </ItemGroup>
  <ItemGroup>
    <ClCompile Include="..\mvc\model\Asteroid.cpp">
      <Filter>Source Files</Filter>
    </ClCompile>
    <ClCompile Include="..\mvc\model\Brick.cpp">
      <Filter>Source Files</Filter>
    </ClCompile>
    <ClCompile Include="..\mvc\model\Bullet.cpp">
      <Filter>Source Files</Filter>
    </ClCompile>
    <ClCompile Include="..\mvc\controller\CommandCenter.cpp">
      <Filter>Source Files</Filter>
    </ClCompile>
    <ClCompile Include="..\mvc\model\Falcon.cpp">
      <Filter>Source Files</Filter>
    </ClCompile>
    <ClCompile Include="..\mvc\model\Floater.cpp">
      <Filter>Source Files</Filter>
    </ClCompile>
    <ClCompile Include="..\mvc\controller\Game.cpp">
      <Filter>Source Files</Filter>
    </ClCompile>
    <ClCompile Include="..\mvc\view\GameFrame.cpp">
      <Filter>Source Files</Filter>
    </ClCompile>
    <ClCompile Include="..\mvc\controller\GameOp.cpp">
      <Filter>Source Files</Filter>
    </ClCompile>
    <ClCompile Include="..\mvc\controller\GameOpsQueue.cpp">
      <Filter>Source Files</Filter>
    </ClCompile>
    <ClCompile Include="..\mvc\view\GamePanel.cpp">
      <Filter>Source Files</Filter>
    </ClCompile>
    <ClCompile Include="..\mvc\model\NewWallFloater.cpp">
      <Filter>Source Files</Filter>
    </ClCompile>
    <ClCompile Include="..\mvc\model\Nuke.cpp">
      <Filter>Source Files</Filter>
    </ClCompile>
    <ClCompile Include="..\mvc\model\NukeFloater.cpp">
      <Filter>Source Files</Filter>
    </ClCompile>
    <ClCompile Include="..\mvc\model\Sprite.cpp">
      <Filter>Source Files</Filter>
    </ClCompile>
    <ClCompile Include="..\mvc\model\Star.cpp">
      <Filter>Source Files</Filter>
    </ClCompile>
    <ClCompile Include="..\mvc\controller\Utils.cpp">
      <Filter>Source Files</Filter>
    </ClCompile>
    <ClCompile Include="..\mvc\model\WhiteCloudDebris.cpp">
      <Filter>Source Files</Filter>
    </ClCompile>
    <ClCompile Include="main.cpp">
      <Filter>Source Files</Filter>
    </ClCompile>
    <ClCompile Include="..\mvc\model\PolarPoint.cpp">
      <Filter>Source Files</Filter>
    </ClCompile>
  </ItemGroup>
  <ItemGroup>
    <ClInclude Include="..\mvc\model\Asteroid.h">
      <Filter>Header Files</Filter>
    </ClInclude>
    <ClInclude Include="..\mvc\model\Brick.h">
      <Filter>Header Files</Filter>
    </ClInclude>
    <ClInclude Include="..\mvc\model\Bullet.h">
      <Filter>Header Files</Filter>
    </ClInclude>
    <QtMoc Include="..\mvc\controller\CommandCenter.h">
      <Filter>Header Files</Filter>
    </QtMoc>
    <ClInclude Include="..\mvc\model\Falcon.h">
      <Filter>Header Files</Filter>
    </ClInclude>
    <ClInclude Include="..\mvc\model\Floater.h">
      <Filter>Header Files</Filter>
    </ClInclude>
    <QtMoc Include="..\mvc\controller\Game.h">
      <Filter>Header Files</Filter>
    </QtMoc>
    <QtMoc Include="..\mvc\view\GameFrame.h">
      <Filter>Header Files</Filter>
    </QtMoc>
    <ClInclude Include="..\mvc\controller\GameOp.h">
      <Filter>Header Files</Filter>
    </ClInclude>
    <ClInclude Include="..\mvc\controller\GameOpsQueue.h">
      <Filter>Header Files</Filter>
    </ClInclude>
    <QtMoc Include="..\mvc\view\GamePanel.h">
      <Filter>Header Files</Filter>
    </QtMoc>
    <ClInclude Include="..\mvc\model\NewWallFloater.h">
      <Filter>Header Files</Filter>
    </ClInclude>
    <ClInclude Include="..\mvc\model\Nuke.h">
      <Filter>Header Files</Filter>
    </ClInclude>
    <ClInclude Include="..\mvc\model\NukeFloater.h">
      <Filter>Header Files</Filter>
    </ClInclude>
    <ClInclude Include="..\mvc\model\PolarPoint.h">
      <Filter>Header Files</Filter>
    </ClInclude>
    <ClInclude Include="..\mvc\model\ShieldFloater.h">
      <Filter>Header Files</Filter>
    </ClInclude>
    <ClInclude Include="..\mvc\controller\Sound.h">
      <Filter>Header Files</Filter>
    </ClInclude>
    <QtMoc Include="..\mvc\model\Sprite.h">
      <Filter>Header Files</Filter>
    </QtMoc>
    <QtMoc Include="..\mvc\model\Star.h">
      <Filter>Header Files</Filter>
    </QtMoc>
    <QtMoc Include="..\mvc\model\WhiteCloudDebris.h">
      <Filter>Header Files</Filter>
    </QtMoc>
    <ClInclude Include="Global.h">
      <Filter>Header Files</Filter>
    </ClInclude>
    <ClInclude Include="..\mvc\controller\Utils.h">
      <Filter>Header Files</Filter>
    </ClInclude>
  </ItemGroup>
  <ItemGroup>
    <CustomBuild Include="tmp\moc\moc_predefs.h.cbt">
      <Filter>Generated Files</Filter>
    </CustomBuild>
  </ItemGroup>
  <ItemGroup>
    <QtUic Include="mainwindow.ui">
      <Filter>Form Files</Filter>
    </QtUic>
  </ItemGroup>
  <ItemGroup>
    <QtMoc Include="..\mvc\model\Movable.h">
      <Filter>Header Files</Filter>
    </QtMoc>
  </ItemGroup>
  <ItemGroup>
    <QtRcc Include="asteroid.qrc" />
  </ItemGroup>
</Project>